
Microsoft Visual Studio Solution File, Format Version 11.00
# Visual Studio 2010
Project("{FAE04EC0-301F-11D3-BF4B-00C04F79EFBC}") = "IntermediateSts", "IntermediateSts\IntermediateSts.csproj", "{23D12B46-AD4C-4C35-A915-C0CC7C63257E}"
EndProject
Project("{FAE04EC0-301F-11D3-BF4B-00C04F79EFBC}") = "FederatedAuthenticationLoginActionFilter", "FederatedAuthenticationLoginActionFilter\FederatedAuthenticationLoginActionFilter.csproj", "{1F7291AE-1AA4-47B8-9687-797DA18F5AB2}"
EndProject
Project("{FAE04EC0-301F-11D3-BF4B-00C04F79EFBC}") = "IntermediateClaimProvider", "IntermediateClaimProvider\IntermediateClaimProvider.csproj", "{3426C17A-397F-432C-9FF9-9129DF0477F8}"
EndProject
Project("{FAE04EC0-301F-11D3-BF4B-00C04F79EFBC}") = "SecurityTokenHandlers", "SecurityTokenHandlers\SecurityTokenHandlers.csproj", "{202EB614-46DF-4580-8B2A-2C8120C0DFC1}"
EndProject
Project("{FAE04EC0-301F-11D3-BF4B-00C04F79EFBC}") = "TestIntermediateClaimProvider", "TestIntermediateClaimProvider\TestIntermediateClaimProvider.csproj", "{BA77D427-E6F8-42FE-B087-8E93A09584B1}"
EndProject
Global
	GlobalSection(SolutionConfigurationPlatforms) = preSolution
		Debug|Any CPU = Debug|Any CPU
		Release|Any CPU = Release|Any CPU
	EndGlobalSection
	GlobalSection(ProjectConfigurationPlatforms) = postSolution
		{23D12B46-AD4C-4C35-A915-C0CC7C63257E}.Debug|Any CPU.ActiveCfg = Debug|Any CPU
		{23D12B46-AD4C-4C35-A915-C0CC7C63257E}.Debug|Any CPU.Build.0 = Debug|Any CPU
		{23D12B46-AD4C-4C35-A915-C0CC7C63257E}.Release|Any CPU.ActiveCfg = Release|Any CPU
		{23D12B46-AD4C-4C35-A915-C0CC7C63257E}.Release|Any CPU.Build.0 = Release|Any CPU
		{1F7291AE-1AA4-47B8-9687-797DA18F5AB2}.Debug|Any CPU.ActiveCfg = Debug|Any CPU
		{1F7291AE-1AA4-47B8-9687-797DA18F5AB2}.Debug|Any CPU.Build.0 = Debug|Any CPU
		{1F7291AE-1AA4-47B8-9687-797DA18F5AB2}.Release|Any CPU.ActiveCfg = Release|Any CPU
		{1F7291AE-1AA4-47B8-9687-797DA18F5AB2}.Release|Any CPU.Build.0 = Release|Any CPU
		{3426C17A-397F-432C-9FF9-9129DF0477F8}.Debug|Any CPU.ActiveCfg = Debug|Any CPU
		{3426C17A-397F-432C-9FF9-9129DF0477F8}.Debug|Any CPU.Build.0 = Debug|Any CPU
		{3426C17A-397F-432C-9FF9-9129DF0477F8}.Release|Any CPU.ActiveCfg = Release|Any CPU
		{3426C17A-397F-432C-9FF9-9129DF0477F8}.Release|Any CPU.Build.0 = Release|Any CPU
		{202EB614-46DF-4580-8B2A-2C8120C0DFC1}.Debug|Any CPU.ActiveCfg = Debug|Any CPU
		{202EB614-46DF-4580-8B2A-2C8120C0DFC1}.Debug|Any CPU.Build.0 = Debug|Any CPU
		{202EB614-46DF-4580-8B2A-2C8120C0DFC1}.Release|Any CPU.ActiveCfg = Release|Any CPU
		{202EB614-46DF-4580-8B2A-2C8120C0DFC1}.Release|Any CPU.Build.0 = Release|Any CPU
		{BA77D427-E6F8-42FE-B087-8E93A09584B1}.Debug|Any CPU.ActiveCfg = Debug|Any CPU
		{BA77D427-E6F8-42FE-B087-8E93A09584B1}.Debug|Any CPU.Build.0 = Debug|Any CPU
		{BA77D427-E6F8-42FE-B087-8E93A09584B1}.Release|Any CPU.ActiveCfg = Release|Any CPU
		{BA77D427-E6F8-42FE-B087-8E93A09584B1}.Release|Any CPU.Build.0 = Release|Any CPU
	EndGlobalSection
	GlobalSection(SolutionProperties) = preSolution
		HideSolutionNode = FALSE
	EndGlobalSection
EndGlobal
